github.com/Sirupsen/logrus v0.10.1-0.20160601113210-f3cfb454f4c2 h1:3BYvDlSNPyoYk6lr17s9IueNAabOBur3f3uVULjbhTA=
github.com/Sirupsen/logrus v0.10.1-0.20160601113210-f3cfb454f4c2/go.mod h1:rmk17hk6i8ZSAJkSDa7nOxamrG+SP4P0mm+DAvExv4U=
github.com/davecgh/go-spew v1.1.0 h1:ZDRjVQ15GmhC3fiQ8ni8+OwkZQO4DARzQgrnXU1Liz8=
github.com/davecgh/go-spew v1.1.0/go.mod h1:J7Y8YcW2NihsgmVo/mv3lAwl/skON4iLHjSsI+c5H38=
github.com/docker/docker v1.4.2-0.20160708193732-ad969f1aa782 h1:akNYo0V5gmaDl8LUnd9G1/3Y8ohMl3s2b8gfvBHnURo=
github.com/docker/docker v1.4.2-0.20160708193732-ad969f1aa782/go.mod h1:eEKB0N0r5NX/I1kEveEz05bcu8tLC/8azJZsviup8Sk=
github.com/docker/engine-api v0.3.2-0.20160708123604-98348ad6f9c8 h1:H443uS3liJKNFX8++m61ng44AnC+HKV1MU9Uhmq3hUk=
github.com/docker/engine-api v0.3.2-0.20160708123604-98348ad6f9c8/go.mod h1:xtQCpzf4YysNZCVFfIGIm7qfLvYbxtLkEVVfKhTVOvw=
github.com/docker/go-units v0.3.1 h1:QAFdsA6jLCnglbqE6mUsHuPcJlntY94DkxHf4deHKIU=
github.com/docker/go-units v0.3.1/go.mod h1:fgPhTUdO+D/Jk86RDLlptpiXQzgHJF7gydDDbaIK4Dk=
github.com/fsouza/go-dockerclient v0.0.0-20160624230725-1a3d0cfd7814 h1:FSgKZZ2VFfEZkvrRfZ5LmUEgVapd9pnam49bjbV6a7M=
github.com/fsouza/go-dockerclient v0.0.0-20160624230725-1a3d0cfd7814/go.mod h1:KpcjM623fQYE9MZiTGzKhjfxXAV9wbyX2C1cyRHfhl0=
github.com/gorilla/context v0.0.0-20160525203319-aed02d124ae4 h1:3nOfQt8sRPYbXORD5tJ8YyQ3HlL2Jt3LJ2U17CbNh6I=
github.com/gorilla/context v0.0.0-20160525203319-aed02d124ae4/go.mod h1:kBGZzfjB9CEq2AlWe17Uuf7NDRt0dE0s8S51q0aT7Yg=
github.com/gorilla/mux v0.0.0-20160605233521-9fa818a44c2b h1:OFvZV3a+25cGJH9dETHw0nk0wV6hLZI7IJijOkXEFS0=
github.com/gorilla/mux v0.0.0-20160605233521-9fa818a44c2b/go.mod h1:1lud6UwP+6orDFRuTfBEV8e9/aOM/c4fVVCaMa2zaAs=
github.com/hashicorp/go-cleanhttp v0.0.0-20160407174126-ad28ea4487f0 h1:2l0haPDqCzZEO160UR5DSrrl8RWptFCoxFsSbRLJBaI=
github.com/hashicorp/go-cleanhttp v0.0.0-20160407174126-ad28ea4487f0/go.mod h1:JpRdi6/HCYpAwUzNwuwqhbovhLtngrth3wmdIIUrZ80=
github.com/looplab/logspout-logstash v0.0.0-20171130125839-68a4e47e757d h1:XHk6tU5oWCIrflIeYkS7/6nKMvqo3q//bJud+L4BguI=
github.com/looplab/logspout-logstash v0.0.0-20171130125839-68a4e47e757d/go.mod h1:JGtIU22PbW89UiPrH/M1qcGZ9WkWlibloyUHGQ3Tgok=
github.com/opencontainers/runc v1.0.0-rc1.0.20160706165155-9d7831e41d3e h1:SO9iqX0giNVXkTwPdEENwl1wK+RqviyAnCEbJS5azMU=
github.com/opencontainers/runc v1.0.0-rc1.0.20160706165155-9d7831e41d3e/go.mod h1:qT5XzbpPznkRYVz/mWwUaVBUv2rmF59PVA73FjuZG0U=
github.com/pmezard/go-difflib v1.0.0 h1:4DBwDE0NGyQoBHbLQYPwSUPoCMWR5BEzIk/f1lZbAQM=
github.com/pmezard/go-difflib v1.0.0/go.mod h1:iKH77koFhYxTK1pcRnkKkqfTogsbg7gZNVY4sRDYZ/4=
github.com/stretchr/objx v0.1.0/go.mod h1:HFkY916IF+rwdDfMAkV7OtwuqBVzrE8GR6GFx+wExME=
github.com/stretchr/testify v1.4.0 h1:2E4SXV/wtOkTonXsotYi4li6zVWxYlZuYNCXe9XRJyk=
github.com/stretchr/testify v1.4.0/go.mod h1:j7eGeouHqKxXV5pUuKE4zz7dFj8WfuZ+81PSLYec5m4=
golang.org/x/net v0.0.0-20160707223729-f841c39de738 h1:N5K0l3yYkhlC0RSRoAhtspo2WgRvBMwZYoyB2ji+gkg=
golang.org/x/net v0.0.0-20160707223729-f841c39de738/go.mod h1:mL1N/T3taQHkDXs73rZJwtUhF3w3ftmwwsq0BUmARs4=
golang.org/x/sys v0.0.0-20160704031755-a408501be4d1 h1:QtO5ZFD1u7KisZhuRLL2GaZAZDdJqUcTdjFJj8OEePA=
golang.org/x/sys v0.0.0-20160704031755-a408501be4d1/go.mod h1:STP8DvDyc/dI5b8T5hshtkjS+E42TnysNCUPdjciGhY=
gopkg.in/check.v1 v0.0.0-20161208181325-20d25e280405 h1:yhCVgyC4o1eVCa2tZl7eS0r+SDo693bJlVdllGtEeKM=
gopkg.in/check.v1 v0.0.0-20161208181325-20d25e280405/go.mod h1:Co6ibVJAznAaIkqp8huTwlJQCZ016jof/cbN4VW5Yz0=
gopkg.in/yaml.v2 v2.2.2 h1:ZCJp+EgiOT7lHqUV2J862kp8Qj64Jo6az82+3Td9dZw=
gopkg.in/yaml.v2 v2.2.2/go.mod h1:hI93XBmqTisBFMUTm0b8Fm+jr3Dg1NNxqwp+5A1VGuI=
